
Microsoft Visual Studio Solution File, Format Version 12.00
Project("{F2A71F9B-5D33-465A-A702-920D77279786}") = "HyperionSwitch", "HyperionSwitch\HyperionSwitch.fsproj", "{689904FD-5BE8-4512-8E40-55E19E500B9D}"
EndProject
Global
	GlobalSection(SolutionConfigurationPlatforms) = preSolution
		Debug|Any CPU = Debug|Any CPU
		Release|Any CPU = Release|Any CPU
	EndGlobalSection
	GlobalSection(ProjectConfigurationPlatforms) = postSolution
		{689904FD-5BE8-4512-8E40-55E19E500B9D}.Debug|Any CPU.ActiveCfg = Debug|Any CPU
		{689904FD-5BE8-4512-8E40-55E19E500B9D}.Debug|Any CPU.Build.0 = Debug|Any CPU
		{689904FD-5BE8-4512-8E40-55E19E500B9D}.Release|Any CPU.ActiveCfg = Release|Any CPU
		{689904FD-5BE8-4512-8E40-55E19E500B9D}.Release|Any CPU.Build.0 = Release|Any CPU
	EndGlobalSection
EndGlobal
